
Microsoft Visual Studio Solution File, Format Version 12.00
# Visual Studio Version 17
VisualStudioVersion = 17.10.35122.118
MinimumVisualStudioVersion = 10.0.40219.1
Project("{888888A0-9F3D-457C-B088-3A5042F75D52}") = "Práctica 4(1)", "Práctica 4(1).pyproj", "{1A3BD407-A4EA-464C-9F3D-4C0144C24804}"
EndProject
Global
	GlobalSection(SolutionConfigurationPlatforms) = preSolution
		Debug|Any CPU = Debug|Any CPU
		Release|Any CPU = Release|Any CPU
	EndGlobalSection
	GlobalSection(ProjectConfigurationPlatforms) = postSolution
		{1A3BD407-A4EA-464C-9F3D-4C0144C24804}.Debug|Any CPU.ActiveCfg = Debug|Any CPU
		{1A3BD407-A4EA-464C-9F3D-4C0144C24804}.Release|Any CPU.ActiveCfg = Release|Any CPU
	EndGlobalSection
	GlobalSection(SolutionProperties) = preSolution
		HideSolutionNode = FALSE
	EndGlobalSection
	GlobalSection(ExtensibilityGlobals) = postSolution
		SolutionGuid = {E5CDE4A4-24E7-43F6-97A6-45ABD7EA7AA5}
	EndGlobalSection
EndGlobal
